
Microsoft Visual Studio Solution File, Format Version 12.00
# Visual Studio Version 17
VisualStudioVersion = 17.0.31912.275
MinimumVisualStudioVersion = 10.0.40219.1
Project("{FAE04EC0-301F-11D3-BF4B-00C04F79EFBC}") = "Conversor of Grades", "Conversor of Grades\Conversor of Grades.csproj", "{4E5CFE67-5920-40CD-9278-8EC5D1B3CB36}"
EndProject
Global
	GlobalSection(SolutionConfigurationPlatforms) = preSolution
		Debug|Any CPU = Debug|Any CPU
		Release|Any CPU = Release|Any CPU
	EndGlobalSection
	GlobalSection(ProjectConfigurationPlatforms) = postSolution
		{4E5CFE67-5920-40CD-9278-8EC5D1B3CB36}.Debug|Any CPU.ActiveCfg = Debug|Any CPU
		{4E5CFE67-5920-40CD-9278-8EC5D1B3CB36}.Debug|Any CPU.Build.0 = Debug|Any CPU
		{4E5CFE67-5920-40CD-9278-8EC5D1B3CB36}.Release|Any CPU.ActiveCfg = Release|Any CPU
		{4E5CFE67-5920-40CD-9278-8EC5D1B3CB36}.Release|Any CPU.Build.0 = Release|Any CPU
	EndGlobalSection
	GlobalSection(SolutionProperties) = preSolution
		HideSolutionNode = FALSE
	EndGlobalSection
	GlobalSection(ExtensibilityGlobals) = postSolution
		SolutionGuid = {FC8321E9-DFBF-4752-AD1B-9B9E1E7F732E}
	EndGlobalSection
EndGlobal
